Microsoft Visual Studio Solution File, Format Version 12.00
# Visual Studio Version 17
VisualStudioVersion = 17.5.2.0
MinimumVisualStudioVersion = 10.0.40219.1
Project("{FAE04EC0-301F-11D3-BF4B-00C04F79EFBC}") = "SpatialLite.Osm", "SpatialLite.Osm.csproj", "{F2330CF8-7CCD-C179-21AB-3FD83E09E636}"
EndProject
Global
	GlobalSection(SolutionConfigurationPlatforms) = preSolution
		Debug|Any CPU = Debug|Any CPU
		Release|Any CPU = Release|Any CPU
	EndGlobalSection
	GlobalSection(ProjectConfigurationPlatforms) = postSolution
		{F2330CF8-7CCD-C179-21AB-3FD83E09E636}.Debug|Any CPU.ActiveCfg = Debug|Any CPU
		{F2330CF8-7CCD-C179-21AB-3FD83E09E636}.Debug|Any CPU.Build.0 = Debug|Any CPU
		{F2330CF8-7CCD-C179-21AB-3FD83E09E636}.Release|Any CPU.ActiveCfg = Release|Any CPU
		{F2330CF8-7CCD-C179-21AB-3FD83E09E636}.Release|Any CPU.Build.0 = Release|Any CPU
	EndGlobalSection
	GlobalSection(SolutionProperties) = preSolution
		HideSolutionNode = FALSE
	EndGlobalSection
	GlobalSection(ExtensibilityGlobals) = postSolution
		SolutionGuid = {0E5C9C1F-33AB-4ED5-9948-E356F1D7A1D7}
	EndGlobalSection
EndGlobal
